
Microsoft Visual Studio Solution File, Format Version 12.00
# Visual Studio Version 17
VisualStudioVersion = 17.5.33502.453
MinimumVisualStudioVersion = 10.0.40219.1
Project("{9A19103F-16F7-4668-BE54-9A1E7A4F7556}") = "CustomerInArrears.Server", "CustomerInArrears\Server\CustomerInArrears.Server.csproj", "{BED04679-3485-4191-8477-597146CDE34E}"
EndProject
Project("{9A19103F-16F7-4668-BE54-9A1E7A4F7556}") = "CustomerInArrears.Client", "CustomerInArrears\Client\CustomerInArrears.Client.csproj", "{5385A0F9-B637-45BA-8E2D-C371507A7CD9}"
EndProject
Project("{9A19103F-16F7-4668-BE54-9A1E7A4F7556}") = "CustomerInArrears.Shared", "CustomerInArrears\Shared\CustomerInArrears.Shared.csproj", "{B1450749-C949-46F5-80F7-E4BAAFDABE1C}"
EndProject
Global
	GlobalSection(SolutionConfigurationPlatforms) = preSolution
		Debug|Any CPU = Debug|Any CPU
		Release|Any CPU = Release|Any CPU
	EndGlobalSection
	GlobalSection(ProjectConfigurationPlatforms) = postSolution
		{BED04679-3485-4191-8477-597146CDE34E}.Debug|Any CPU.ActiveCfg = Debug|Any CPU
		{BED04679-3485-4191-8477-597146CDE34E}.Debug|Any CPU.Build.0 = Debug|Any CPU
		{BED04679-3485-4191-8477-597146CDE34E}.Release|Any CPU.ActiveCfg = Release|Any CPU
		{BED04679-3485-4191-8477-597146CDE34E}.Release|Any CPU.Build.0 = Release|Any CPU
		{5385A0F9-B637-45BA-8E2D-C371507A7CD9}.Debug|Any CPU.ActiveCfg = Debug|Any CPU
		{5385A0F9-B637-45BA-8E2D-C371507A7CD9}.Debug|Any CPU.Build.0 = Debug|Any CPU
		{5385A0F9-B637-45BA-8E2D-C371507A7CD9}.Release|Any CPU.ActiveCfg = Release|Any CPU
		{5385A0F9-B637-45BA-8E2D-C371507A7CD9}.Release|Any CPU.Build.0 = Release|Any CPU
		{B1450749-C949-46F5-80F7-E4BAAFDABE1C}.Debug|Any CPU.ActiveCfg = Debug|Any CPU
		{B1450749-C949-46F5-80F7-E4BAAFDABE1C}.Debug|Any CPU.Build.0 = Debug|Any CPU
		{B1450749-C949-46F5-80F7-E4BAAFDABE1C}.Release|Any CPU.ActiveCfg = Release|Any CPU
		{B1450749-C949-46F5-80F7-E4BAAFDABE1C}.Release|Any CPU.Build.0 = Release|Any CPU
	EndGlobalSection
	GlobalSection(SolutionProperties) = preSolution
		HideSolutionNode = FALSE
	EndGlobalSection
	GlobalSection(ExtensibilityGlobals) = postSolution
		SolutionGuid = {94393DE0-9595-44AD-86DA-3FD59B0BA81E}
	EndGlobalSection
EndGlobal
